
Microsoft Visual Studio Solution File, Format Version 12.00
# Visual Studio Version 17
VisualStudioVersion = 17.10.35027.167
MinimumVisualStudioVersion = 10.0.40219.1
Project("{FAE04EC0-301F-11D3-BF4B-00C04F79EFBC}") = "Inheritance", "Inheritance\Inheritance.csproj", "{603AB09C-1857-4F29-B676-7C2DE9847719}"
EndProject
Global
	GlobalSection(SolutionConfigurationPlatforms) = preSolution
		Debug|Any CPU = Debug|Any CPU
		Release|Any CPU = Release|Any CPU
	EndGlobalSection
	GlobalSection(ProjectConfigurationPlatforms) = postSolution
		{603AB09C-1857-4F29-B676-7C2DE9847719}.Debug|Any CPU.ActiveCfg = Debug|Any CPU
		{603AB09C-1857-4F29-B676-7C2DE9847719}.Debug|Any CPU.Build.0 = Debug|Any CPU
		{603AB09C-1857-4F29-B676-7C2DE9847719}.Release|Any CPU.ActiveCfg = Release|Any CPU
		{603AB09C-1857-4F29-B676-7C2DE9847719}.Release|Any CPU.Build.0 = Release|Any CPU
	EndGlobalSection
	GlobalSection(SolutionProperties) = preSolution
		HideSolutionNode = FALSE
	EndGlobalSection
	GlobalSection(ExtensibilityGlobals) = postSolution
		SolutionGuid = {2A51AB42-6150-4DC5-98ED-71505DFF0636}
	EndGlobalSection
EndGlobal
